
Microsoft Visual Studio Solution File, Format Version 12.00
# Visual Studio Version 17
VisualStudioVersion = 17.1.32421.90
MinimumVisualStudioVersion = 10.0.40219.1
Project("{FAE04EC0-301F-11D3-BF4B-00C04F79EFBC}") = "AuthWebApp.Web", "AuthWebApp.Web\AuthWebApp.Web.csproj", "{69D55D25-A8B4-4B12-A181-DD572854FC0A}"
EndProject
Global
	GlobalSection(SolutionConfigurationPlatforms) = preSolution
		Debug|Any CPU = Debug|Any CPU
		Release|Any CPU = Release|Any CPU
	EndGlobalSection
	GlobalSection(ProjectConfigurationPlatforms) = postSolution
		{69D55D25-A8B4-4B12-A181-DD572854FC0A}.Debug|Any CPU.ActiveCfg = Debug|Any CPU
		{69D55D25-A8B4-4B12-A181-DD572854FC0A}.Debug|Any CPU.Build.0 = Debug|Any CPU
		{69D55D25-A8B4-4B12-A181-DD572854FC0A}.Release|Any CPU.ActiveCfg = Release|Any CPU
		{69D55D25-A8B4-4B12-A181-DD572854FC0A}.Release|Any CPU.Build.0 = Release|Any CPU
	EndGlobalSection
	GlobalSection(SolutionProperties) = preSolution
		HideSolutionNode = FALSE
	EndGlobalSection
	GlobalSection(ExtensibilityGlobals) = postSolution
		SolutionGuid = {4805BB43-B278-4673-8530-D1A391647D47}
	EndGlobalSection
EndGlobal
