
Microsoft Visual Studio Solution File, Format Version 12.00
# Visual Studio Version 16
VisualStudioVersion = 16.0.31205.134
MinimumVisualStudioVersion = 10.0.40219.1
Project("{9A19103F-16F7-4668-BE54-9A1E7A4F7556}") = "ClientApp", "ClientApp\ClientApp.csproj", "{A2A9A645-0AB6-43D0-8EE3-7CAFBB245C8E}"
EndProject
Project("{9A19103F-16F7-4668-BE54-9A1E7A4F7556}") = "AspNetTesting", "AspNetTesting\AspNetTesting.csproj", "{82671CAB-1E7F-48CA-8206-889866DDC93A}"
EndProject
Project("{9A19103F-16F7-4668-BE54-9A1E7A4F7556}") = "ClassicTemplate", "ClassicTemplate\ClassicTemplate.csproj", "{5CD1DD9E-AEAD-4820-B773-4F15B2D52F46}"
EndProject
Global
	GlobalSection(SolutionConfigurationPlatforms) = preSolution
		Debug|Any CPU = Debug|Any CPU
		Release|Any CPU = Release|Any CPU
	EndGlobalSection
	GlobalSection(ProjectConfigurationPlatforms) = postSolution
		{A2A9A645-0AB6-43D0-8EE3-7CAFBB245C8E}.Debug|Any CPU.ActiveCfg = Debug|Any CPU
		{A2A9A645-0AB6-43D0-8EE3-7CAFBB245C8E}.Debug|Any CPU.Build.0 = Debug|Any CPU
		{A2A9A645-0AB6-43D0-8EE3-7CAFBB245C8E}.Release|Any CPU.ActiveCfg = Release|Any CPU
		{A2A9A645-0AB6-43D0-8EE3-7CAFBB245C8E}.Release|Any CPU.Build.0 = Release|Any CPU
		{82671CAB-1E7F-48CA-8206-889866DDC93A}.Debug|Any CPU.ActiveCfg = Debug|Any CPU
		{82671CAB-1E7F-48CA-8206-889866DDC93A}.Debug|Any CPU.Build.0 = Debug|Any CPU
		{82671CAB-1E7F-48CA-8206-889866DDC93A}.Release|Any CPU.ActiveCfg = Release|Any CPU
		{82671CAB-1E7F-48CA-8206-889866DDC93A}.Release|Any CPU.Build.0 = Release|Any CPU
		{5CD1DD9E-AEAD-4820-B773-4F15B2D52F46}.Debug|Any CPU.ActiveCfg = Debug|Any CPU
		{5CD1DD9E-AEAD-4820-B773-4F15B2D52F46}.Debug|Any CPU.Build.0 = Debug|Any CPU
		{5CD1DD9E-AEAD-4820-B773-4F15B2D52F46}.Release|Any CPU.ActiveCfg = Release|Any CPU
		{5CD1DD9E-AEAD-4820-B773-4F15B2D52F46}.Release|Any CPU.Build.0 = Release|Any CPU
	EndGlobalSection
	GlobalSection(SolutionProperties) = preSolution
		HideSolutionNode = FALSE
	EndGlobalSection
	GlobalSection(ExtensibilityGlobals) = postSolution
		SolutionGuid = {558D733B-FBB4-4506-8E55-B4BB2A1CD0A5}
	EndGlobalSection
EndGlobal
