
Microsoft Visual Studio Solution File, Format Version 12.00
# Visual Studio Version 16
VisualStudioVersion = 16.0.28803.452
MinimumVisualStudioVersion = 10.0.40219.1
Project("{FAE04EC0-301F-11D3-BF4B-00C04F79EFBC}") = "LibraryForTests", "LibraryForTests\LibraryForTests.csproj", "{07F09018-ADFA-4255-81B0-63757EFE2755}"
EndProject
Project("{FAE04EC0-301F-11D3-BF4B-00C04F79EFBC}") = "UnitTest", "UnitTest\UnitTest.csproj", "{CE8E54EE-4010-419B-A0D1-D5B2B03221BB}"
EndProject
Project("{FAE04EC0-301F-11D3-BF4B-00C04F79EFBC}") = "IntegrationTest", "IntegrationTest\IntegrationTest.csproj", "{21E14C10-A3C5-494A-B01E-0682B283D96C}"
EndProject
Global
	GlobalSection(SolutionConfigurationPlatforms) = preSolution
		Debug|Any CPU = Debug|Any CPU
		Release|Any CPU = Release|Any CPU
	EndGlobalSection
	GlobalSection(ProjectConfigurationPlatforms) = postSolution
		{07F09018-ADFA-4255-81B0-63757EFE2755}.Debug|Any CPU.ActiveCfg = Debug|Any CPU
		{07F09018-ADFA-4255-81B0-63757EFE2755}.Debug|Any CPU.Build.0 = Debug|Any CPU
		{07F09018-ADFA-4255-81B0-63757EFE2755}.Release|Any CPU.ActiveCfg = Release|Any CPU
		{07F09018-ADFA-4255-81B0-63757EFE2755}.Release|Any CPU.Build.0 = Release|Any CPU
		{CE8E54EE-4010-419B-A0D1-D5B2B03221BB}.Debug|Any CPU.ActiveCfg = Debug|Any CPU
		{CE8E54EE-4010-419B-A0D1-D5B2B03221BB}.Debug|Any CPU.Build.0 = Debug|Any CPU
		{CE8E54EE-4010-419B-A0D1-D5B2B03221BB}.Release|Any CPU.ActiveCfg = Release|Any CPU
		{CE8E54EE-4010-419B-A0D1-D5B2B03221BB}.Release|Any CPU.Build.0 = Release|Any CPU
		{21E14C10-A3C5-494A-B01E-0682B283D96C}.Debug|Any CPU.ActiveCfg = Debug|Any CPU
		{21E14C10-A3C5-494A-B01E-0682B283D96C}.Debug|Any CPU.Build.0 = Debug|Any CPU
		{21E14C10-A3C5-494A-B01E-0682B283D96C}.Release|Any CPU.ActiveCfg = Release|Any CPU
		{21E14C10-A3C5-494A-B01E-0682B283D96C}.Release|Any CPU.Build.0 = Release|Any CPU
	EndGlobalSection
	GlobalSection(SolutionProperties) = preSolution
		HideSolutionNode = FALSE
	EndGlobalSection
	GlobalSection(ExtensibilityGlobals) = postSolution
		SolutionGuid = {1C9417BB-2DDF-49B5-998B-B6822C67854B}
	EndGlobalSection
EndGlobal
