
Microsoft Visual Studio Solution File, Format Version 12.00
Project("{FAE04EC0-301F-11D3-BF4B-00C04F79EFBC}") = "ConfigurationInsideTests", "ConfigurationInsideTests\ConfigurationInsideTests.csproj", "{5E93E788-BD26-4664-BF50-76D8AA6BA0A9}"
EndProject
Global
	GlobalSection(SolutionConfigurationPlatforms) = preSolution
		Debug|Any CPU = Debug|Any CPU
		Release|Any CPU = Release|Any CPU
	EndGlobalSection
	GlobalSection(ProjectConfigurationPlatforms) = postSolution
		{5E93E788-BD26-4664-BF50-76D8AA6BA0A9}.Debug|Any CPU.ActiveCfg = Debug|Any CPU
		{5E93E788-BD26-4664-BF50-76D8AA6BA0A9}.Debug|Any CPU.Build.0 = Debug|Any CPU
		{5E93E788-BD26-4664-BF50-76D8AA6BA0A9}.Release|Any CPU.ActiveCfg = Release|Any CPU
		{5E93E788-BD26-4664-BF50-76D8AA6BA0A9}.Release|Any CPU.Build.0 = Release|Any CPU
	EndGlobalSection
EndGlobal
